
Microsoft Visual Studio Solution File, Format Version 12.00
# Visual Studio Version 17
VisualStudioVersion = 17.2.32516.85
MinimumVisualStudioVersion = 10.0.40219.1
Project("{8BC9CEB8-8B4A-11D0-8D11-00A0C91BC942}") = "Personal details", "Personal details.vcxproj", "{D523CEA6-D1FD-44BC-88C5-7D7309A41E1C}"
EndProject
Global
	GlobalSection(SolutionConfigurationPlatforms) = preSolution
		Debug|x64 = Debug|x64
		Debug|x86 = Debug|x86
		Release|x64 = Release|x64
		Release|x86 = Release|x86
	EndGlobalSection
	GlobalSection(ProjectConfigurationPlatforms) = postSolution
		{D523CEA6-D1FD-44BC-88C5-7D7309A41E1C}.Debug|x64.ActiveCfg = Debug|x64
		{D523CEA6-D1FD-44BC-88C5-7D7309A41E1C}.Debug|x64.Build.0 = Debug|x64
		{D523CEA6-D1FD-44BC-88C5-7D7309A41E1C}.Debug|x86.ActiveCfg = Debug|Win32
		{D523CEA6-D1FD-44BC-88C5-7D7309A41E1C}.Debug|x86.Build.0 = Debug|Win32
		{D523CEA6-D1FD-44BC-88C5-7D7309A41E1C}.Release|x64.ActiveCfg = Release|x64
		{D523CEA6-D1FD-44BC-88C5-7D7309A41E1C}.Release|x64.Build.0 = Release|x64
		{D523CEA6-D1FD-44BC-88C5-7D7309A41E1C}.Release|x86.ActiveCfg = Release|Win32
		{D523CEA6-D1FD-44BC-88C5-7D7309A41E1C}.Release|x86.Build.0 = Release|Win32
	EndGlobalSection
	GlobalSection(SolutionProperties) = preSolution
		HideSolutionNode = FALSE
	EndGlobalSection
	GlobalSection(ExtensibilityGlobals) = postSolution
		SolutionGuid = {37C17585-0F39-4C43-B3D2-AE580C27510D}
	EndGlobalSection
EndGlobal
